// !$*UTF8*$!
{
	archiveVersion = 1;
	classes = {
	};
	objectVersion = 46;
	objects = {

/* Begin PBXBuildFile section */
		ADDE2F7D15E7B1A200DA582D /* UIKit.framework in Frameworks */ = {isa = PBXBuildFile; fileRef = ADDE2F7C15E7B1A200DA582D /* UIKit.framework */; };
		ADDE2F7F15E7B1A200DA582D /* Foundation.framework in Frameworks */ = {isa = PBXBuildFile; fileRef = ADDE2F7E15E7B1A200DA582D /* Foundation.framework */; };
		ADDE2F8115E7B1A200DA582D /* CoreGraphics.framework in Frameworks */ = {isa = PBXBuildFile; fileRef = ADDE2F8015E7B1A200DA582D /* CoreGraphics.framework */; };
		ADDE2F8715E7B1A200DA582D /* InfoPlist.strings in Resources */ = {isa = PBXBuildFile; fileRef = ADDE2F8515E7B1A200DA582D /* InfoPlist.strings */; };
		ADDE2F8915E7B1A200DA582D /* main.m in Sources */ = {isa = PBXBuildFile; fileRef = ADDE2F8815E7B1A200DA582D /* main.m */; };
		ADDE2F8D15E7B1A200DA582D /* IEAppDelegate.m in Sources */ = {isa = PBXBuildFile; fileRef = ADDE2F8C15E7B1A200DA582D /* IEAppDelegate.m */; };
		ADDE2F9015E7B1A200DA582D /* IEViewController.m in Sources */ = {isa = PBXBuildFile; fileRef = ADDE2F8F15E7B1A200DA582D /* IEViewController.m */; };
		ADDE2F9315E7B1A200DA582D /* IEViewController.xib in Resources */ = {isa = PBXBuildFile; fileRef = ADDE2F9115E7B1A200DA582D /* IEViewController.xib */; };
/* End PBXBuildFile section */

/* Begin PBXFileReference section */
		ADDE2F7815E7B1A200DA582D /* iEndura.app */ = {isa = PBXFileReference; explicitFileType = wrapper.application; includeInIndex = 0; path = iEndura.app; sourceTree = BUILT_PRODUCTS_DIR; };
		ADDE2F7C15E7B1A200DA582D /* UIKit.framework */ = {isa = PBXFileReference; lastKnownFileType = wrapper.framework; name = UIKit.framework; path = System/Library/Frameworks/UIKit.framework; sourceTree = SDKROOT; };
		ADDE2F7E15E7B1A200DA582D /* Foundation.framework */ = {isa = PBXFileReference; lastKnownFileType = wrapper.framework; name = Foundation.framework; path = System/Library/Frameworks/Foundation.framework; sourceTree = SDKROOT; };
		ADDE2F8015E7B1A200DA582D /* CoreGraphics.framework */ = {isa = PBXFileReference; lastKnownFileType = wrapper.framework; name = CoreGraphics.framework; path = System/Library/Frameworks/CoreGraphics.framework; sourceTree = SDKROOT; };
		ADDE2F8415E7B1A200DA582D /* iEndura-Info.plist */ = {isa = PBXFileReference; path = "iEndura-Info.plist"; sourceTree = "<group>"; };
		ADDE2F8615E7B1A200DA582D /* en */ = {isa = PBXFileReference; lastKnownFileType = text.plist.strings; name = en; path = en.lproj/InfoPlist.strings; sourceTree = "<group>"; };
		ADDE2F8815E7B1A200DA582D /* main.m */ = {isa = PBXFileReference; lastKnownFileType = sourcecode.c.objc; path = main.m; sourceTree = "<group>"; };
		ADDE2F8A15E7B1A200DA582D /* iEndura-Prefix.pch */ = {isa = PBXFileReference; path = "iEndura-Prefix.pch"; sourceTree = "<group>"; };
		ADDE2F8B15E7B1A200DA582D /* IEAppDelegate.h */ = {isa = PBXFileReference; path = IEAppDelegate.h; sourceTree = "<group>"; };
		ADDE2F8C15E7B1A200DA582D /* IEAppDelegate.m */ = {isa = PBXFileReference; lastKnownFileType = sourcecode.c.objc; path = IEAppDelegate.m; sourceTree = "<group>"; };
		ADDE2F8E15E7B1A200DA582D /* IEViewController.h */ = {isa = PBXFileReference; path = IEViewController.h; sourceTree = "<group>"; };
		ADDE2F8F15E7B1A200DA582D /* IEViewController.m */ = {isa = PBXFileReference; lastKnownFileType = sourcecode.c.objc; path = IEViewController.m; sourceTree = "<group>"; };
		ADDE2F9215E7B1A200DA582D /* en */ = {isa = PBXFileReference; lastKnownFileType = file.xib; name = en; path = en.lproj/IEViewController.xib; sourceTree = "<group>"; };
/* End PBXFileReference section */

/* Begin PBXFrameworksBuildPhase section */
		ADDE2F7515E7B1A200DA582D /* Frameworks */ = {
			isa = PBXFrameworksBuildPhase;
			buildActionMask = 2147483647;
			files = (
				ADDE2F7D15E7B1A200DA582D /* UIKit.framework in Frameworks */,
				ADDE2F7F15E7B1A200DA582D /* Foundation.framework in Frameworks */,
				ADDE2F8115E7B1A200DA582D /* CoreGraphics.framework in Frameworks */,
			);
			runOnlyForDeploymentPostprocessing = 0;
		};
/* End PBXFrameworksBuildPhase section */

/* Begin PBXGroup section */
		ADDE2F6D15E7B1A200DA582D = {
			isa = PBXGroup;
			children = (
				ADDE2F8215E7B1A200DA582D /* iEndura */,
				ADDE2F7B15E7B1A200DA582D /* Frameworks */,
				ADDE2F7915E7B1A200DA582D /* Products */,
			);
			sourceTree = "<group>";
		};
		ADDE2F7915E7B1A200DA582D /* Products */ = {
			isa = PBXGroup;
			children = (
				ADDE2F7815E7B1A200DA582D /* iEndura.app */,
			);
			name = Products;
			sourceTree = "<group>";
		};
		ADDE2F7B15E7B1A200DA582D /* Frameworks */ = {
			isa = PBXGroup;
			children = (
				ADDE2F7C15E7B1A200DA582D /* UIKit.framework */,
				ADDE2F7E15E7B1A200DA582D /* Foundation.framework */,
				ADDE2F8015E7B1A200DA582D /* CoreGraphics.framework */,
			);
			name = Frameworks;
			sourceTree = "<group>";
		};
		ADDE2F8215E7B1A200DA582D /* iEndura */ = {
			isa = PBXGroup;
			children = (
				ADDE2F8B15E7B1A200DA582D /* IEAppDelegate.h */,
				ADDE2F8C15E7B1A200DA582D /* IEAppDelegate.m */,
				ADDE2F8E15E7B1A200DA582D /* IEViewController.h */,
				ADDE2F8F15E7B1A200DA582D /* IEViewController.m */,
				ADDE2F9115E7B1A200DA582D /* IEViewController.xib */,
				ADDE2F8315E7B1A200DA582D /* Supporting Files */,
			);
			path = iEndura;
			sourceTree = "<group>";
		};
		ADDE2F8315E7B1A200DA582D /* Supporting Files */ = {
			isa = PBXGroup;
			children = (
				ADDE2F8415E7B1A200DA582D /* iEndura-Info.plist */,
				ADDE2F8515E7B1A200DA582D /* InfoPlist.strings */,
				ADDE2F8815E7B1A200DA582D /* main.m */,
				ADDE2F8A15E7B1A200DA582D /* iEndura-Prefix.pch */,
			);
			name = "Supporting Files";
			sourceTree = "<group>";
		};
/* End PBXGroup section */

/* Begin PBXNativeTarget section */
		ADDE2F7715E7B1A200DA582D /* iEndura */ = {
			isa = PBXNativeTarget;
			buildConfigurationList = ADDE2F9615E7B1A200DA582D /* Build configuration list for PBXNativeTarget "iEndura" */;
			buildPhases = (
				ADDE2F7415E7B1A200DA582D /* Sources */,
				ADDE2F7515E7B1A200DA582D /* Frameworks */,
				ADDE2F7615E7B1A200DA582D /* Resources */,
			);
			buildRules = (
			);
			dependencies = (
			);
			name = iEndura;
			productName = iEndura;
			productReference = ADDE2F7815E7B1A200DA582D /* iEndura.app */;
			productType = "com.apple.product-type.application";
		};
/* End PBXNativeTarget section */

/* Begin PBXProject section */
		ADDE2F6F15E7B1A200DA582D /* Project object */ = {
			isa = PBXProject;
			attributes = {
				CLASSPREFIX = IE;
				LastUpgradeCheck = 0430;
				ORGANIZATIONNAME = "T.C. Cumhurbaşkanlığı";
			};
			buildConfigurationList = ADDE2F7215E7B1A200DA582D /* Build configuration list for PBXProject "iEndura" */;
			compatibilityVersion = "Xcode 3.2";
			developmentRegion = English;
			hasScannedForEncodings = 0;
			knownRegions = (
				en,
			);
			mainGroup = ADDE2F6D15E7B1A200DA582D;
			productRefGroup = ADDE2F7915E7B1A200DA582D /* Products */;
			projectDirPath = "";
			projectRoot = "";
			targets = (
				ADDE2F7715E7B1A200DA582D /* iEndura */,
			);
		};
/* End PBXProject section */

/* Begin PBXResourcesBuildPhase section */
		ADDE2F7615E7B1A200DA582D /* Resources */ = {
			isa = PBXResourcesBuildPhase;
			buildActionMask = 2147483647;
			files = (
				ADDE2F8715E7B1A200DA582D /* InfoPlist.strings in Resources */,
				ADDE2F9315E7B1A200DA582D /* IEViewController.xib in Resources */,
			);
			runOnlyForDeploymentPostprocessing = 0;
		};
/* End PBXResourcesBuildPhase section */

/* Begin PBXSourcesBuildPhase section */
		ADDE2F7415E7B1A200DA582D /* Sources */ = {
			isa = PBXSourcesBuildPhase;
			buildActionMask = 2147483647;
			files = (
				ADDE2F8915E7B1A200DA582D /* main.m in Sources */,
				ADDE2F8D15E7B1A200DA582D /* IEAppDelegate.m in Sources */,
				ADDE2F9015E7B1A200DA582D /* IEViewController.m in Sources */,
			);
			runOnlyForDeploymentPostprocessing = 0;
		};
/* End PBXSourcesBuildPhase section */

/* Begin PBXVariantGroup section */
		ADDE2F8515E7B1A200DA582D /* InfoPlist.strings */ = {
			isa = PBXVariantGroup;
			children = (
				ADDE2F8615E7B1A200DA582D /* en */,
			);
			name = InfoPlist.strings;
			sourceTree = "<group>";
		};
		ADDE2F9115E7B1A200DA582D /* IEViewController.xib */ = {
			isa = PBXVariantGroup;
			children = (
				ADDE2F9215E7B1A200DA582D /* en */,
			);
			name = IEViewController.xib;
			sourceTree = "<group>";
		};
/* End PBXVariantGroup section */

/* Begin XCBuildConfiguration section */
		ADDE2F9415E7B1A200DA582D /* Debug */ = {
			isa = XCBuildConfiguration;
			buildSettings = {
				ALWAYS_SEARCH_USER_PATHS = NO;
				ARCHS = "$(ARCHS_STANDARD_32_BIT)";
				CLANG_ENABLE_OBJC_ARC = YES;
				"CODE_SIGN_IDENTITY[sdk=iphoneos*]" = "iPhone Developer";
				COPY_PHASE_STRIP = NO;
				GCC_C_LANGUAGE_STANDARD = gnu99;
				GCC_DYNAMIC_NO_PIC = NO;
				GCC_OPTIMIZATION_LEVEL = 0;
				GCC_PREPROCESSOR_DEFINITIONS = (
					"DEBUG=1",
					"$(inherited)",
				);
				GCC_SYMBOLS_PRIVATE_EXTERN = NO;
				GCC_VERSION = com.apple.compilers.llvm.clang.1_0;
				GCC_WARN_ABOUT_RETURN_TYPE = YES;
				GCC_WARN_UNINITIALIZED_AUTOS = YES;
				GCC_WARN_UNUSED_VARIABLE = YES;
				IPHONEOS_DEPLOYMENT_TARGET = 5.1;
				SDKROOT = iphoneos;
			};
			name = Debug;
		};
		ADDE2F9515E7B1A200DA582D /* Release */ = {
			isa = XCBuildConfiguration;
			buildSettings = {
				ALWAYS_SEARCH_USER_PATHS = NO;
				ARCHS = "$(ARCHS_STANDARD_32_BIT)";
				CLANG_ENABLE_OBJC_ARC = YES;
				"CODE_SIGN_IDENTITY[sdk=iphoneos*]" = "iPhone Developer";
				COPY_PHASE_STRIP = YES;
				GCC_C_LANGUAGE_STANDARD = gnu99;
				GCC_VERSION = com.apple.compilers.llvm.clang.1_0;
				GCC_WARN_ABOUT_RETURN_TYPE = YES;
				GCC_WARN_UNINITIALIZED_AUTOS = YES;
				GCC_WARN_UNUSED_VARIABLE = YES;
				IPHONEOS_DEPLOYMENT_TARGET = 5.1;
				OTHER_CFLAGS = "-DNS_BLOCK_ASSERTIONS=1";
				SDKROOT = iphoneos;
				VALIDATE_PRODUCT = YES;
			};
			name = Release;
		};
		ADDE2F9715E7B1A200DA582D /* Debug */ = {
			isa = XCBuildConfiguration;
			buildSettings = {
				GCC_PRECOMPILE_PREFIX_HEADER = YES;
				GCC_PREFIX_HEADER = "iEndura/iEndura-Prefix.pch";
				INFOPLIST_FILE = "iEndura/iEndura-Info.plist";
				PRODUCT_NAME = "$(TARGET_NAME)";
				WRAPPER_EXTENSION = app;
			};
			name = Debug;
		};
		ADDE2F9815E7B1A200DA582D /* Release */ = {
			isa = XCBuildConfiguration;
			buildSettings = {
				GCC_PRECOMPILE_PREFIX_HEADER = YES;
				GCC_PREFIX_HEADER = "iEndura/iEndura-Prefix.pch";
				INFOPLIST_FILE = "iEndura/iEndura-Info.plist";
				PRODUCT_NAME = "$(TARGET_NAME)";
				WRAPPER_EXTENSION = app;
			};
			name = Release;
		};
/* End XCBuildConfiguration section */

/* Begin XCConfigurationList section */
		ADDE2F7215E7B1A200DA582D /* Build configuration list for PBXProject "iEndura" */ = {
			isa = XCConfigurationList;
			buildConfigurations = (
				ADDE2F9415E7B1A200DA582D /* Debug */,
				ADDE2F9515E7B1A200DA582D /* Release */,
			);
			defaultConfigurationIsVisible = 0;
			defaultConfigurationName = Release;
		};
		ADDE2F9615E7B1A200DA582D /* Build configuration list for PBXNativeTarget "iEndura" */ = {
			isa = XCConfigurationList;
			buildConfigurations = (
				ADDE2F9715E7B1A200DA582D /* Debug */,
				ADDE2F9815E7B1A200DA582D /* Release */,
			);
			defaultConfigurationIsVisible = 0;
		};
/* End XCConfigurationList section */
	};
	rootObject = ADDE2F6F15E7B1A200DA582D /* Project object */;
}
