// !$*UTF8*$!
{
	archiveVersion = 1;
	classes = {
	};
	objectVersion = 46;
	objects = {

/* Begin PBXBuildFile section */
		AD028F3915ECC58D00FF6F33 /* IEMainViewController.m in Sources */ = {isa = PBXBuildFile; fileRef = AD028F3715ECC58D00FF6F33 /* IEMainViewController.m */; };
		AD028F3A15ECC58D00FF6F33 /* IEMainViewController.xib in Resources */ = {isa = PBXBuildFile; fileRef = AD028F3815ECC58D00FF6F33 /* IEMainViewController.xib */; };
		AD28626715FF8D7D0038C95B /* next.png in Resources */ = {isa = PBXBuildFile; fileRef = AD28626115FF8D7D0038C95B /* next.png */; };
		AD28626815FF8D7D0038C95B /* next@2x.png in Resources */ = {isa = PBXBuildFile; fileRef = AD28626215FF8D7D0038C95B /* next@2x.png */; };
		AD28626915FF8D7D0038C95B /* play.png in Resources */ = {isa = PBXBuildFile; fileRef = AD28626315FF8D7D0038C95B /* play.png */; };
		AD28626A15FF8D7D0038C95B /* play@2x.png in Resources */ = {isa = PBXBuildFile; fileRef = AD28626415FF8D7D0038C95B /* play@2x.png */; };
		AD28626B15FF8D7D0038C95B /* prev.png in Resources */ = {isa = PBXBuildFile; fileRef = AD28626515FF8D7D0038C95B /* prev.png */; };
		AD28626C15FF8D7D0038C95B /* prev@2x.png in Resources */ = {isa = PBXBuildFile; fileRef = AD28626615FF8D7D0038C95B /* prev@2x.png */; };
		AD286271160106590038C95B /* IEHelpViewController.m in Sources */ = {isa = PBXBuildFile; fileRef = AD28626F160106580038C95B /* IEHelpViewController.m */; };
		AD286272160106590038C95B /* IEHelpViewController.xib in Resources */ = {isa = PBXBuildFile; fileRef = AD286270160106580038C95B /* IEHelpViewController.xib */; };
		AD286276160107CD0038C95B /* IEAboutViewController.m in Sources */ = {isa = PBXBuildFile; fileRef = AD286274160107CC0038C95B /* IEAboutViewController.m */; };
		AD286277160107CD0038C95B /* IEAboutViewController.xib in Resources */ = {isa = PBXBuildFile; fileRef = AD286275160107CD0038C95B /* IEAboutViewController.xib */; };
		AD286279160109DA0038C95B /* help.png in Resources */ = {isa = PBXBuildFile; fileRef = AD286278160109DA0038C95B /* help.png */; };
		AD28627B16010CD10038C95B /* help@2x.png in Resources */ = {isa = PBXBuildFile; fileRef = AD28627A16010CD10038C95B /* help@2x.png */; };
		AD28627E160111D30038C95B /* about.png in Resources */ = {isa = PBXBuildFile; fileRef = AD28627C160111D30038C95B /* about.png */; };
		AD28627F160111D30038C95B /* about@2x.png in Resources */ = {isa = PBXBuildFile; fileRef = AD28627D160111D30038C95B /* about@2x.png */; };
		AD335BF015F52049004401FA /* IECamPlayViewController.m in Sources */ = {isa = PBXBuildFile; fileRef = AD335BEE15F52049004401FA /* IECamPlayViewController.m */; };
		AD335BF115F52049004401FA /* IECamPlayViewController.xib in Resources */ = {isa = PBXBuildFile; fileRef = AD335BEF15F52049004401FA /* IECamPlayViewController.xib */; };
		AD335BF715F694A2004401FA /* MediaPlayer.framework in Frameworks */ = {isa = PBXBuildFile; fileRef = AD335BF615F694A2004401FA /* MediaPlayer.framework */; };
		AD82BDFD15F8EB21004C497C /* IEServiceManager.m in Sources */ = {isa = PBXBuildFile; fileRef = AD82BDFC15F8EB21004C497C /* IEServiceManager.m */; };
		ADB05A4515FA915D004813E0 /* settings.png in Resources */ = {isa = PBXBuildFile; fileRef = ADB05A4415FA915D004813E0 /* settings.png */; };
		ADB05A4915FA9438004813E0 /* iendura_tab_icon.png in Resources */ = {isa = PBXBuildFile; fileRef = ADB05A4715FA9438004813E0 /* iendura_tab_icon.png */; };
		ADB05A4A15FA9438004813E0 /* iendura_tab_icon@2x.png in Resources */ = {isa = PBXBuildFile; fileRef = ADB05A4815FA9438004813E0 /* iendura_tab_icon@2x.png */; };
		ADB05A4E15FAA337004813E0 /* IECamImgViewController.m in Sources */ = {isa = PBXBuildFile; fileRef = ADB05A4C15FAA337004813E0 /* IECamImgViewController.m */; };
		ADB05A4F15FAA337004813E0 /* IECamImgViewController.xib in Resources */ = {isa = PBXBuildFile; fileRef = ADB05A4D15FAA337004813E0 /* IECamImgViewController.xib */; };
		ADB05A5315FB7B99004813E0 /* IEFavoritesViewController.m in Sources */ = {isa = PBXBuildFile; fileRef = ADB05A5115FB7B98004813E0 /* IEFavoritesViewController.m */; };
		ADB05A5415FB7B99004813E0 /* IEFavoritesViewController.xib in Resources */ = {isa = PBXBuildFile; fileRef = ADB05A5215FB7B98004813E0 /* IEFavoritesViewController.xib */; };
		ADB05A5915FB820C004813E0 /* button_circular_fav_disabled.png in Resources */ = {isa = PBXBuildFile; fileRef = ADB05A5515FB820C004813E0 /* button_circular_fav_disabled.png */; };
		ADB05A5A15FB820C004813E0 /* button_circular_fav_disabled@2x.png in Resources */ = {isa = PBXBuildFile; fileRef = ADB05A5615FB820C004813E0 /* button_circular_fav_disabled@2x.png */; };
		ADB05A5B15FB820C004813E0 /* button_circular_fav.png in Resources */ = {isa = PBXBuildFile; fileRef = ADB05A5715FB820C004813E0 /* button_circular_fav.png */; };
		ADB05A5C15FB820C004813E0 /* button_circular_fav@2x.png in Resources */ = {isa = PBXBuildFile; fileRef = ADB05A5815FB820C004813E0 /* button_circular_fav@2x.png */; };
		ADB05A5F15FB8941004813E0 /* alert_box.png in Resources */ = {isa = PBXBuildFile; fileRef = ADB05A5D15FB8940004813E0 /* alert_box.png */; };
		ADB05A6015FB8941004813E0 /* alert_box@2x.png in Resources */ = {isa = PBXBuildFile; fileRef = ADB05A5E15FB8941004813E0 /* alert_box@2x.png */; };
		ADB05A6515FB8ED2004813E0 /* balloon_fav_disabled.png in Resources */ = {isa = PBXBuildFile; fileRef = ADB05A6115FB8ED1004813E0 /* balloon_fav_disabled.png */; };
		ADB05A6615FB8ED2004813E0 /* balloon_fav_disabled@2x.png in Resources */ = {isa = PBXBuildFile; fileRef = ADB05A6215FB8ED1004813E0 /* balloon_fav_disabled@2x.png */; };
		ADB05A6715FB8ED2004813E0 /* balloon_fav_enabled.png in Resources */ = {isa = PBXBuildFile; fileRef = ADB05A6315FB8ED2004813E0 /* balloon_fav_enabled.png */; };
		ADB05A6815FB8ED2004813E0 /* balloon_fav_enabled@2x.png in Resources */ = {isa = PBXBuildFile; fileRef = ADB05A6415FB8ED2004813E0 /* balloon_fav_enabled@2x.png */; };
		ADB05A6B15FB96C4004813E0 /* circular_centerminus.png in Resources */ = {isa = PBXBuildFile; fileRef = ADB05A6915FB96C4004813E0 /* circular_centerminus.png */; };
		ADB05A6C15FB96C4004813E0 /* circular_centerminus@2x.png in Resources */ = {isa = PBXBuildFile; fileRef = ADB05A6A15FB96C4004813E0 /* circular_centerminus@2x.png */; };
		ADB05A6F15FBF04F004813E0 /* popover_menu.png in Resources */ = {isa = PBXBuildFile; fileRef = ADB05A6D15FBF04E004813E0 /* popover_menu.png */; };
		ADB05A7015FBF04F004813E0 /* popover_menu@2x.png in Resources */ = {isa = PBXBuildFile; fileRef = ADB05A6E15FBF04E004813E0 /* popover_menu@2x.png */; };
		ADB05A7315FCB2DA004813E0 /* updating.png in Resources */ = {isa = PBXBuildFile; fileRef = ADB05A7115FCB2DA004813E0 /* updating.png */; };
		ADB05A7415FCB2DA004813E0 /* updating@2x.png in Resources */ = {isa = PBXBuildFile; fileRef = ADB05A7215FCB2DA004813E0 /* updating@2x.png */; };
		ADB05A7615FCB805004813E0 /* remote_icon.png in Resources */ = {isa = PBXBuildFile; fileRef = ADB05A7515FCB805004813E0 /* remote_icon.png */; };
		ADB05A7915FCC66C004813E0 /* cctv.png in Resources */ = {isa = PBXBuildFile; fileRef = ADB05A7715FCC66C004813E0 /* cctv.png */; };
		ADB05A7A15FCC66C004813E0 /* cctv@2x.png in Resources */ = {isa = PBXBuildFile; fileRef = ADB05A7815FCC66C004813E0 /* cctv@2x.png */; };
		ADB05A7D15FCC808004813E0 /* building.png in Resources */ = {isa = PBXBuildFile; fileRef = ADB05A7B15FCC808004813E0 /* building.png */; };
		ADB05A7E15FCC808004813E0 /* building@2x.png in Resources */ = {isa = PBXBuildFile; fileRef = ADB05A7C15FCC808004813E0 /* building@2x.png */; };
		ADB05A8215FCCB4E004813E0 /* IESearchViewController.m in Sources */ = {isa = PBXBuildFile; fileRef = ADB05A8015FCCB4B004813E0 /* IESearchViewController.m */; };
		ADB05A8315FCCB4E004813E0 /* IESearchViewController.xib in Resources */ = {isa = PBXBuildFile; fileRef = ADB05A8115FCCB4C004813E0 /* IESearchViewController.xib */; };
		ADB05A8615FD0435004813E0 /* no_preview.png in Resources */ = {isa = PBXBuildFile; fileRef = ADB05A8415FD0434004813E0 /* no_preview.png */; };
		ADB05A8715FD0435004813E0 /* no_preview@2x.png in Resources */ = {isa = PBXBuildFile; fileRef = ADB05A8515FD0434004813E0 /* no_preview@2x.png */; };
		ADB05A8B15FD0575004813E0 /* connecting.png in Resources */ = {isa = PBXBuildFile; fileRef = ADB05A8815FD0574004813E0 /* connecting.png */; };
		ADB05A8C15FD0575004813E0 /* connecting@2x.png in Resources */ = {isa = PBXBuildFile; fileRef = ADB05A8915FD0574004813E0 /* connecting@2x.png */; };
		ADB05A8D15FD0575004813E0 /* remote_icon@2x.png in Resources */ = {isa = PBXBuildFile; fileRef = ADB05A8A15FD0574004813E0 /* remote_icon@2x.png */; };
		ADB05A8F15FD090D004813E0 /* SystemConfiguration.framework in Frameworks */ = {isa = PBXBuildFile; fileRef = ADB05A8E15FD090C004813E0 /* SystemConfiguration.framework */; };
		ADB05A9215FD153B004813E0 /* lanch.png in Resources */ = {isa = PBXBuildFile; fileRef = ADB05A9015FD153A004813E0 /* lanch.png */; };
		ADB05A9315FD153B004813E0 /* lanch@2x.png in Resources */ = {isa = PBXBuildFile; fileRef = ADB05A9115FD153B004813E0 /* lanch@2x.png */; };
		ADB05A9915FD186C004813E0 /* Default.png in Resources */ = {isa = PBXBuildFile; fileRef = ADB05A9415FD1553004813E0 /* Default.png */; };
		ADB05A9A15FD1874004813E0 /* Default@2x.png in Resources */ = {isa = PBXBuildFile; fileRef = ADB05A9615FD155C004813E0 /* Default@2x.png */; };
		ADB05A9C15FD1C5E004813E0 /* settings@2x.png in Resources */ = {isa = PBXBuildFile; fileRef = ADB05A9B15FD1C5E004813E0 /* settings@2x.png */; };
		ADB05A9F15FD4EE1004813E0 /* leather_blank_light_bg.png in Resources */ = {isa = PBXBuildFile; fileRef = ADB05A9D15FD4EE0004813E0 /* leather_blank_light_bg.png */; };
		ADB05AA015FD4EE1004813E0 /* leather_blank_light_bg@2x.png in Resources */ = {isa = PBXBuildFile; fileRef = ADB05A9E15FD4EE1004813E0 /* leather_blank_light_bg@2x.png */; };
		ADB05AA215FE6021004813E0 /* button_bg_black.png in Resources */ = {isa = PBXBuildFile; fileRef = ADB05AA115FE6021004813E0 /* button_bg_black.png */; };
		ADB05AA515FE62E4004813E0 /* close.png in Resources */ = {isa = PBXBuildFile; fileRef = ADB05AA315FE62E3004813E0 /* close.png */; };
		ADB05AA615FE62E4004813E0 /* close@2x.png in Resources */ = {isa = PBXBuildFile; fileRef = ADB05AA415FE62E3004813E0 /* close@2x.png */; };
		ADB7244115EA65B300D3D749 /* SimpleClass.m in Sources */ = {isa = PBXBuildFile; fileRef = ADB7244015EA65B300D3D749 /* SimpleClass.m */; };
		ADB7244415EA666000D3D749 /* IEXMLParser.m in Sources */ = {isa = PBXBuildFile; fileRef = ADB7244315EA666000D3D749 /* IEXMLParser.m */; };
		ADDE2F7D15E7B1A200DA582D /* UIKit.framework in Frameworks */ = {isa = PBXBuildFile; fileRef = ADDE2F7C15E7B1A200DA582D /* UIKit.framework */; };
		ADDE2F7F15E7B1A200DA582D /* Foundation.framework in Frameworks */ = {isa = PBXBuildFile; fileRef = ADDE2F7E15E7B1A200DA582D /* Foundation.framework */; };
		ADDE2F8115E7B1A200DA582D /* CoreGraphics.framework in Frameworks */ = {isa = PBXBuildFile; fileRef = ADDE2F8015E7B1A200DA582D /* CoreGraphics.framework */; };
		ADDE2F8715E7B1A200DA582D /* InfoPlist.strings in Resources */ = {isa = PBXBuildFile; fileRef = ADDE2F8515E7B1A200DA582D /* InfoPlist.strings */; };
		ADDE2F8915E7B1A200DA582D /* main.m in Sources */ = {isa = PBXBuildFile; fileRef = ADDE2F8815E7B1A200DA582D /* main.m */; };
		ADDE2F8D15E7B1A200DA582D /* IEAppDelegate.m in Sources */ = {isa = PBXBuildFile; fileRef = ADDE2F8C15E7B1A200DA582D /* IEAppDelegate.m */; };
		ADDE2F9015E7B1A200DA582D /* IEViewController.m in Sources */ = {isa = PBXBuildFile; fileRef = ADDE2F8F15E7B1A200DA582D /* IEViewController.m */; };
		ADDE2F9315E7B1A200DA582D /* IEViewController.xib in Resources */ = {isa = PBXBuildFile; fileRef = ADDE2F9115E7B1A200DA582D /* IEViewController.xib */; };
		ADDE2FA315E7B44400DA582D /* IEHelperMethods.m in Sources */ = {isa = PBXBuildFile; fileRef = ADDE2FA215E7B44400DA582D /* IEHelperMethods.m */; };
		ADDE2FA815E7BE2300DA582D /* button_bg.png in Resources */ = {isa = PBXBuildFile; fileRef = ADDE2FA515E7BE2300DA582D /* button_bg.png */; };
		ADDE2FA915E7BE2300DA582D /* iendura_top.png in Resources */ = {isa = PBXBuildFile; fileRef = ADDE2FA615E7BE2300DA582D /* iendura_top.png */; };
		ADDE2FAA15E7BE2300DA582D /* iendura_top@2x.png in Resources */ = {isa = PBXBuildFile; fileRef = ADDE2FA715E7BE2300DA582D /* iendura_top@2x.png */; };
		ADDE2FAC15E7C67F00DA582D /* iendura_app_icon_57.png in Resources */ = {isa = PBXBuildFile; fileRef = ADDE2FAB15E7C67F00DA582D /* iendura_app_icon_57.png */; };
		ADDE2FAE15E7C68600DA582D /* iendura_app_icon_114.png in Resources */ = {isa = PBXBuildFile; fileRef = ADDE2FAD15E7C68600DA582D /* iendura_app_icon_114.png */; };
		ADDE2FC015E98ECB00DA582D /* NSData+Base64.m in Sources */ = {isa = PBXBuildFile; fileRef = ADDE2FBD15E98ECB00DA582D /* NSData+Base64.m */; };
		ADDE2FC115E98ECB00DA582D /* StringEncryption.m in Sources */ = {isa = PBXBuildFile; fileRef = ADDE2FBF15E98ECB00DA582D /* StringEncryption.m */; };
		ADE7D99F15ED477D007F4C85 /* IESettingsViewController.m in Sources */ = {isa = PBXBuildFile; fileRef = ADE7D99D15ED477D007F4C85 /* IESettingsViewController.m */; };
		ADE7D9A015ED477D007F4C85 /* IESettingsViewController.xib in Resources */ = {isa = PBXBuildFile; fileRef = ADE7D99E15ED477D007F4C85 /* IESettingsViewController.xib */; };
		ADE7D9A315EECFCE007F4C85 /* libsqlite3.dylib in Frameworks */ = {isa = PBXBuildFile; fileRef = ADE7D9A215EECFCE007F4C85 /* libsqlite3.dylib */; };
		ADE7D9AA15EED6DF007F4C85 /* iEnduraDB.sqlite in Resources */ = {isa = PBXBuildFile; fileRef = ADE7D9A915EED6DF007F4C85 /* iEnduraDB.sqlite */; };
		ADE7D9AE15EFEBDE007F4C85 /* IECameraClass.m in Sources */ = {isa = PBXBuildFile; fileRef = ADE7D9AD15EFEBDE007F4C85 /* IECameraClass.m */; };
		ADE7D9B515F00658007F4C85 /* IECrudOp.m in Sources */ = {isa = PBXBuildFile; fileRef = ADE7D9B415F00658007F4C85 /* IECrudOp.m */; };
		ADE7D9B915F1498B007F4C85 /* IEBaseViewController.m in Sources */ = {isa = PBXBuildFile; fileRef = ADE7D9B715F1498A007F4C85 /* IEBaseViewController.m */; };
		ADE7D9C015F15B24007F4C85 /* IEDatabaseOps.m in Sources */ = {isa = PBXBuildFile; fileRef = ADE7D9BF15F15B24007F4C85 /* IEDatabaseOps.m */; };
		ADE7D9C315F23543007F4C85 /* IERemoteLocations.m in Sources */ = {isa = PBXBuildFile; fileRef = ADE7D9C215F23543007F4C85 /* IERemoteLocations.m */; };
		ADE7D9C715F23C18007F4C85 /* DDBadgeViewCell.m in Sources */ = {isa = PBXBuildFile; fileRef = ADE7D9C615F23C18007F4C85 /* DDBadgeViewCell.m */; };
		ADE7D9DC15F263C0007F4C85 /* right_indicator_dark.png in Resources */ = {isa = PBXBuildFile; fileRef = ADE7D9D815F263C0007F4C85 /* right_indicator_dark.png */; };
		ADE7D9DD15F263C0007F4C85 /* right_indicator_dark@2x.png in Resources */ = {isa = PBXBuildFile; fileRef = ADE7D9D915F263C0007F4C85 /* right_indicator_dark@2x.png */; };
		ADE7D9DE15F263C0007F4C85 /* right_indicator_light.png in Resources */ = {isa = PBXBuildFile; fileRef = ADE7D9DA15F263C0007F4C85 /* right_indicator_light.png */; };
		ADE7D9DF15F263C0007F4C85 /* right_indicator_light@2x.png in Resources */ = {isa = PBXBuildFile; fileRef = ADE7D9DB15F263C0007F4C85 /* right_indicator_light@2x.png */; };
		ADE7D9E215F2721D007F4C85 /* IECameraLocation.m in Sources */ = {isa = PBXBuildFile; fileRef = ADE7D9E115F2721D007F4C85 /* IECameraLocation.m */; };
		ADE7D9E615F2732E007F4C85 /* IECamListViewController.m in Sources */ = {isa = PBXBuildFile; fileRef = ADE7D9E415F2732C007F4C85 /* IECamListViewController.m */; };
		ADE7D9E715F2732E007F4C85 /* IECamListViewController.xib in Resources */ = {isa = PBXBuildFile; fileRef = ADE7D9E515F2732E007F4C85 /* IECamListViewController.xib */; };
		ADFD8A5416135522006715B1 /* Default-568h@2x.png in Resources */ = {isa = PBXBuildFile; fileRef = ADFD8A5316135522006715B1 /* Default-568h@2x.png */; };
		EB3C5FA215ECE522000B4E70 /* IEConnController.m in Sources */ = {isa = PBXBuildFile; fileRef = EB3C5FA115ECE522000B4E70 /* IEConnController.m */; };
/* End PBXBuildFile section */

/* Begin PBXFileReference section */
		AD028F3615ECC58D00FF6F33 /* IEMainViewController.h */ = {isa = PBXFileReference; fileEncoding = 4; lastKnownFileType = sourcecode.c.h; path = IEMainViewController.h; sourceTree = "<group>"; };
		AD028F3715ECC58D00FF6F33 /* IEMainViewController.m */ = {isa = PBXFileReference; fileEncoding = 4; lastKnownFileType = sourcecode.c.objc; path = IEMainViewController.m; sourceTree = "<group>"; };
		AD028F3815ECC58D00FF6F33 /* IEMainViewController.xib */ = {isa = PBXFileReference; fileEncoding = 4; lastKnownFileType = file.xib; path = IEMainViewController.xib; sourceTree = "<group>"; };
		AD28626115FF8D7D0038C95B /* next.png */ = {isa = PBXFileReference; lastKnownFileType = image.png; path = next.png; sourceTree = "<group>"; };
		AD28626215FF8D7D0038C95B /* next@2x.png */ = {isa = PBXFileReference; lastKnownFileType = image.png; path = "next@2x.png"; sourceTree = "<group>"; };
		AD28626315FF8D7D0038C95B /* play.png */ = {isa = PBXFileReference; lastKnownFileType = image.png; path = play.png; sourceTree = "<group>"; };
		AD28626415FF8D7D0038C95B /* play@2x.png */ = {isa = PBXFileReference; lastKnownFileType = image.png; path = "play@2x.png"; sourceTree = "<group>"; };
		AD28626515FF8D7D0038C95B /* prev.png */ = {isa = PBXFileReference; lastKnownFileType = image.png; path = prev.png; sourceTree = "<group>"; };
		AD28626615FF8D7D0038C95B /* prev@2x.png */ = {isa = PBXFileReference; lastKnownFileType = image.png; path = "prev@2x.png"; sourceTree = "<group>"; };
		AD28626E160106570038C95B /* IEHelpViewController.h */ = {isa = PBXFileReference; fileEncoding = 4; lastKnownFileType = sourcecode.c.h; path = IEHelpViewController.h; sourceTree = "<group>"; };
		AD28626F160106580038C95B /* IEHelpViewController.m */ = {isa = PBXFileReference; fileEncoding = 4; lastKnownFileType = sourcecode.c.objc; path = IEHelpViewController.m; sourceTree = "<group>"; };
		AD286270160106580038C95B /* IEHelpViewController.xib */ = {isa = PBXFileReference; fileEncoding = 4; lastKnownFileType = file.xib; path = IEHelpViewController.xib; sourceTree = "<group>"; };
		AD286273160107CC0038C95B /* IEAboutViewController.h */ = {isa = PBXFileReference; fileEncoding = 4; lastKnownFileType = sourcecode.c.h; path = IEAboutViewController.h; sourceTree = "<group>"; };
		AD286274160107CC0038C95B /* IEAboutViewController.m */ = {isa = PBXFileReference; fileEncoding = 4; lastKnownFileType = sourcecode.c.objc; path = IEAboutViewController.m; sourceTree = "<group>"; };
		AD286275160107CD0038C95B /* IEAboutViewController.xib */ = {isa = PBXFileReference; fileEncoding = 4; lastKnownFileType = file.xib; path = IEAboutViewController.xib; sourceTree = "<group>"; };
		AD286278160109DA0038C95B /* help.png */ = {isa = PBXFileReference; lastKnownFileType = image.png; path = help.png; sourceTree = "<group>"; };
		AD28627A16010CD10038C95B /* help@2x.png */ = {isa = PBXFileReference; lastKnownFileType = image.png; path = "help@2x.png"; sourceTree = "<group>"; };
		AD28627C160111D30038C95B /* about.png */ = {isa = PBXFileReference; lastKnownFileType = image.png; path = about.png; sourceTree = "<group>"; };
		AD28627D160111D30038C95B /* about@2x.png */ = {isa = PBXFileReference; lastKnownFileType = image.png; path = "about@2x.png"; sourceTree = "<group>"; };
		AD335BED15F52049004401FA /* IECamPlayViewController.h */ = {isa = PBXFileReference; fileEncoding = 4; lastKnownFileType = sourcecode.c.h; path = IECamPlayViewController.h; sourceTree = "<group>"; };
		AD335BEE15F52049004401FA /* IECamPlayViewController.m */ = {isa = PBXFileReference; fileEncoding = 4; lastKnownFileType = sourcecode.c.objc; path = IECamPlayViewController.m; sourceTree = "<group>"; };
		AD335BEF15F52049004401FA /* IECamPlayViewController.xib */ = {isa = PBXFileReference; fileEncoding = 4; lastKnownFileType = file.xib; path = IECamPlayViewController.xib; sourceTree = "<group>"; };
		AD335BF615F694A2004401FA /* MediaPlayer.framework */ = {isa = PBXFileReference; lastKnownFileType = wrapper.framework; name = MediaPlayer.framework; path = System/Library/Frameworks/MediaPlayer.framework; sourceTree = SDKROOT; };
		AD82BDFB15F8EB21004C497C /* IEServiceManager.h */ = {isa = PBXFileReference; fileEncoding = 4; lastKnownFileType = sourcecode.c.h; path = IEServiceManager.h; sourceTree = "<group>"; };
		AD82BDFC15F8EB21004C497C /* IEServiceManager.m */ = {isa = PBXFileReference; fileEncoding = 4; lastKnownFileType = sourcecode.c.objc; path = IEServiceManager.m; sourceTree = "<group>"; };
		ADB05A4415FA915D004813E0 /* settings.png */ = {isa = PBXFileReference; lastKnownFileType = image.png; path = settings.png; sourceTree = "<group>"; };
		ADB05A4715FA9438004813E0 /* iendura_tab_icon.png */ = {isa = PBXFileReference; lastKnownFileType = image.png; path = iendura_tab_icon.png; sourceTree = "<group>"; };
		ADB05A4815FA9438004813E0 /* iendura_tab_icon@2x.png */ = {isa = PBXFileReference; lastKnownFileType = image.png; path = "iendura_tab_icon@2x.png"; sourceTree = "<group>"; };
		ADB05A4B15FAA337004813E0 /* IECamImgViewController.h */ = {isa = PBXFileReference; fileEncoding = 4; lastKnownFileType = sourcecode.c.h; path = IECamImgViewController.h; sourceTree = "<group>"; };
		ADB05A4C15FAA337004813E0 /* IECamImgViewController.m */ = {isa = PBXFileReference; fileEncoding = 4; lastKnownFileType = sourcecode.c.objc; path = IECamImgViewController.m; sourceTree = "<group>"; };
		ADB05A4D15FAA337004813E0 /* IECamImgViewController.xib */ = {isa = PBXFileReference; fileEncoding = 4; lastKnownFileType = file.xib; path = IECamImgViewController.xib; sourceTree = "<group>"; };
		ADB05A5015FB7B98004813E0 /* IEFavoritesViewController.h */ = {isa = PBXFileReference; fileEncoding = 4; lastKnownFileType = sourcecode.c.h; path = IEFavoritesViewController.h; sourceTree = "<group>"; };
		ADB05A5115FB7B98004813E0 /* IEFavoritesViewController.m */ = {isa = PBXFileReference; fileEncoding = 4; lastKnownFileType = sourcecode.c.objc; path = IEFavoritesViewController.m; sourceTree = "<group>"; };
		ADB05A5215FB7B98004813E0 /* IEFavoritesViewController.xib */ = {isa = PBXFileReference; fileEncoding = 4; lastKnownFileType = file.xib; path = IEFavoritesViewController.xib; sourceTree = "<group>"; };
		ADB05A5515FB820C004813E0 /* button_circular_fav_disabled.png */ = {isa = PBXFileReference; lastKnownFileType = image.png; path = button_circular_fav_disabled.png; sourceTree = "<group>"; };
		ADB05A5615FB820C004813E0 /* button_circular_fav_disabled@2x.png */ = {isa = PBXFileReference; lastKnownFileType = image.png; path = "button_circular_fav_disabled@2x.png"; sourceTree = "<group>"; };
		ADB05A5715FB820C004813E0 /* button_circular_fav.png */ = {isa = PBXFileReference; lastKnownFileType = image.png; path = button_circular_fav.png; sourceTree = "<group>"; };
		ADB05A5815FB820C004813E0 /* button_circular_fav@2x.png */ = {isa = PBXFileReference; lastKnownFileType = image.png; path = "button_circular_fav@2x.png"; sourceTree = "<group>"; };
		ADB05A5D15FB8940004813E0 /* alert_box.png */ = {isa = PBXFileReference; lastKnownFileType = image.png; path = alert_box.png; sourceTree = "<group>"; };
		ADB05A5E15FB8941004813E0 /* alert_box@2x.png */ = {isa = PBXFileReference; lastKnownFileType = image.png; path = "alert_box@2x.png"; sourceTree = "<group>"; };
		ADB05A6115FB8ED1004813E0 /* balloon_fav_disabled.png */ = {isa = PBXFileReference; lastKnownFileType = image.png; path = balloon_fav_disabled.png; sourceTree = "<group>"; };
		ADB05A6215FB8ED1004813E0 /* balloon_fav_disabled@2x.png */ = {isa = PBXFileReference; lastKnownFileType = image.png; path = "balloon_fav_disabled@2x.png"; sourceTree = "<group>"; };
		ADB05A6315FB8ED2004813E0 /* balloon_fav_enabled.png */ = {isa = PBXFileReference; lastKnownFileType = image.png; path = balloon_fav_enabled.png; sourceTree = "<group>"; };
		ADB05A6415FB8ED2004813E0 /* balloon_fav_enabled@2x.png */ = {isa = PBXFileReference; lastKnownFileType = image.png; path = "balloon_fav_enabled@2x.png"; sourceTree = "<group>"; };
		ADB05A6915FB96C4004813E0 /* circular_centerminus.png */ = {isa = PBXFileReference; lastKnownFileType = image.png; path = circular_centerminus.png; sourceTree = "<group>"; };
		ADB05A6A15FB96C4004813E0 /* circular_centerminus@2x.png */ = {isa = PBXFileReference; lastKnownFileType = image.png; path = "circular_centerminus@2x.png"; sourceTree = "<group>"; };
		ADB05A6D15FBF04E004813E0 /* popover_menu.png */ = {isa = PBXFileReference; lastKnownFileType = image.png; path = popover_menu.png; sourceTree = "<group>"; };
		ADB05A6E15FBF04E004813E0 /* popover_menu@2x.png */ = {isa = PBXFileReference; lastKnownFileType = image.png; path = "popover_menu@2x.png"; sourceTree = "<group>"; };
		ADB05A7115FCB2DA004813E0 /* updating.png */ = {isa = PBXFileReference; lastKnownFileType = image.png; path = updating.png; sourceTree = "<group>"; };
		ADB05A7215FCB2DA004813E0 /* updating@2x.png */ = {isa = PBXFileReference; lastKnownFileType = image.png; path = "updating@2x.png"; sourceTree = "<group>"; };
		ADB05A7515FCB805004813E0 /* remote_icon.png */ = {isa = PBXFileReference; lastKnownFileType = image.png; path = remote_icon.png; sourceTree = "<group>"; };
		ADB05A7715FCC66C004813E0 /* cctv.png */ = {isa = PBXFileReference; lastKnownFileType = image.png; path = cctv.png; sourceTree = "<group>"; };
		ADB05A7815FCC66C004813E0 /* cctv@2x.png */ = {isa = PBXFileReference; lastKnownFileType = image.png; path = "cctv@2x.png"; sourceTree = "<group>"; };
		ADB05A7B15FCC808004813E0 /* building.png */ = {isa = PBXFileReference; lastKnownFileType = image.png; path = building.png; sourceTree = "<group>"; };
		ADB05A7C15FCC808004813E0 /* building@2x.png */ = {isa = PBXFileReference; lastKnownFileType = image.png; path = "building@2x.png"; sourceTree = "<group>"; };
		ADB05A7F15FCCB4A004813E0 /* IESearchViewController.h */ = {isa = PBXFileReference; fileEncoding = 4; lastKnownFileType = sourcecode.c.h; path = IESearchViewController.h; sourceTree = "<group>"; };
		ADB05A8015FCCB4B004813E0 /* IESearchViewController.m */ = {isa = PBXFileReference; fileEncoding = 4; lastKnownFileType = sourcecode.c.objc; path = IESearchViewController.m; sourceTree = "<group>"; };
		ADB05A8115FCCB4C004813E0 /* IESearchViewController.xib */ = {isa = PBXFileReference; fileEncoding = 4; lastKnownFileType = file.xib; path = IESearchViewController.xib; sourceTree = "<group>"; };
		ADB05A8415FD0434004813E0 /* no_preview.png */ = {isa = PBXFileReference; lastKnownFileType = image.png; path = no_preview.png; sourceTree = "<group>"; };
		ADB05A8515FD0434004813E0 /* no_preview@2x.png */ = {isa = PBXFileReference; lastKnownFileType = image.png; path = "no_preview@2x.png"; sourceTree = "<group>"; };
		ADB05A8815FD0574004813E0 /* connecting.png */ = {isa = PBXFileReference; lastKnownFileType = image.png; path = connecting.png; sourceTree = "<group>"; };
		ADB05A8915FD0574004813E0 /* connecting@2x.png */ = {isa = PBXFileReference; lastKnownFileType = image.png; path = "connecting@2x.png"; sourceTree = "<group>"; };
		ADB05A8A15FD0574004813E0 /* remote_icon@2x.png */ = {isa = PBXFileReference; lastKnownFileType = image.png; path = "remote_icon@2x.png"; sourceTree = "<group>"; };
		ADB05A8E15FD090C004813E0 /* SystemConfiguration.framework */ = {isa = PBXFileReference; lastKnownFileType = wrapper.framework; name = SystemConfiguration.framework; path = System/Library/Frameworks/SystemConfiguration.framework; sourceTree = SDKROOT; };
		ADB05A9015FD153A004813E0 /* lanch.png */ = {isa = PBXFileReference; lastKnownFileType = image.png; path = lanch.png; sourceTree = "<group>"; };
		ADB05A9115FD153B004813E0 /* lanch@2x.png */ = {isa = PBXFileReference; lastKnownFileType = image.png; path = "lanch@2x.png"; sourceTree = "<group>"; };
		ADB05A9415FD1553004813E0 /* Default.png */ = {isa = PBXFileReference; lastKnownFileType = image.png; path = Default.png; sourceTree = "<group>"; };
		ADB05A9615FD155C004813E0 /* Default@2x.png */ = {isa = PBXFileReference; lastKnownFileType = image.png; path = "Default@2x.png"; sourceTree = "<group>"; };
		ADB05A9B15FD1C5E004813E0 /* settings@2x.png */ = {isa = PBXFileReference; lastKnownFileType = image.png; path = "settings@2x.png"; sourceTree = "<group>"; };
		ADB05A9D15FD4EE0004813E0 /* leather_blank_light_bg.png */ = {isa = PBXFileReference; lastKnownFileType = image.png; path = leather_blank_light_bg.png; sourceTree = "<group>"; };
		ADB05A9E15FD4EE1004813E0 /* leather_blank_light_bg@2x.png */ = {isa = PBXFileReference; lastKnownFileType = image.png; path = "leather_blank_light_bg@2x.png"; sourceTree = "<group>"; };
		ADB05AA115FE6021004813E0 /* button_bg_black.png */ = {isa = PBXFileReference; lastKnownFileType = image.png; path = button_bg_black.png; sourceTree = "<group>"; };
		ADB05AA315FE62E3004813E0 /* close.png */ = {isa = PBXFileReference; lastKnownFileType = image.png; path = close.png; sourceTree = "<group>"; };
		ADB05AA415FE62E3004813E0 /* close@2x.png */ = {isa = PBXFileReference; lastKnownFileType = image.png; path = "close@2x.png"; sourceTree = "<group>"; };
		ADB7243F15EA65B300D3D749 /* SimpleClass.h */ = {isa = PBXFileReference; fileEncoding = 4; lastKnownFileType = sourcecode.c.h; path = SimpleClass.h; sourceTree = "<group>"; };
		ADB7244015EA65B300D3D749 /* SimpleClass.m */ = {isa = PBXFileReference; fileEncoding = 4; lastKnownFileType = sourcecode.c.objc; path = SimpleClass.m; sourceTree = "<group>"; };
		ADB7244215EA666000D3D749 /* IEXMLParser.h */ = {isa = PBXFileReference; fileEncoding = 4; lastKnownFileType = sourcecode.c.h; path = IEXMLParser.h; sourceTree = "<group>"; };
		ADB7244315EA666000D3D749 /* IEXMLParser.m */ = {isa = PBXFileReference; fileEncoding = 4; lastKnownFileType = sourcecode.c.objc; path = IEXMLParser.m; sourceTree = "<group>"; };
		ADDE2F7815E7B1A200DA582D /* iEndura.app */ = {isa = PBXFileReference; explicitFileType = wrapper.application; includeInIndex = 0; path = iEndura.app; sourceTree = BUILT_PRODUCTS_DIR; };
		ADDE2F7C15E7B1A200DA582D /* UIKit.framework */ = {isa = PBXFileReference; lastKnownFileType = wrapper.framework; name = UIKit.framework; path = System/Library/Frameworks/UIKit.framework; sourceTree = SDKROOT; };
		ADDE2F7E15E7B1A200DA582D /* Foundation.framework */ = {isa = PBXFileReference; lastKnownFileType = wrapper.framework; name = Foundation.framework; path = System/Library/Frameworks/Foundation.framework; sourceTree = SDKROOT; };
		ADDE2F8015E7B1A200DA582D /* CoreGraphics.framework */ = {isa = PBXFileReference; lastKnownFileType = wrapper.framework; name = CoreGraphics.framework; path = System/Library/Frameworks/CoreGraphics.framework; sourceTree = SDKROOT; };
		ADDE2F8415E7B1A200DA582D /* iEndura-Info.plist */ = {isa = PBXFileReference; lastKnownFileType = text.plist.xml; path = "iEndura-Info.plist"; sourceTree = "<group>"; };
		ADDE2F8615E7B1A200DA582D /* en */ = {isa = PBXFileReference; lastKnownFileType = text.plist.strings; name = en; path = en.lproj/InfoPlist.strings; sourceTree = "<group>"; };
		ADDE2F8815E7B1A200DA582D /* main.m */ = {isa = PBXFileReference; lastKnownFileType = sourcecode.c.objc; path = main.m; sourceTree = "<group>"; };
		ADDE2F8A15E7B1A200DA582D /* iEndura-Prefix.pch */ = {isa = PBXFileReference; lastKnownFileType = sourcecode.c.h; path = "iEndura-Prefix.pch"; sourceTree = "<group>"; };
		ADDE2F8B15E7B1A200DA582D /* IEAppDelegate.h */ = {isa = PBXFileReference; lastKnownFileType = sourcecode.c.h; path = IEAppDelegate.h; sourceTree = "<group>"; };
		ADDE2F8C15E7B1A200DA582D /* IEAppDelegate.m */ = {isa = PBXFileReference; lastKnownFileType = sourcecode.c.objc; path = IEAppDelegate.m; sourceTree = "<group>"; };
		ADDE2F8E15E7B1A200DA582D /* IEViewController.h */ = {isa = PBXFileReference; lastKnownFileType = sourcecode.c.h; path = IEViewController.h; sourceTree = "<group>"; };
		ADDE2F8F15E7B1A200DA582D /* IEViewController.m */ = {isa = PBXFileReference; lastKnownFileType = sourcecode.c.objc; path = IEViewController.m; sourceTree = "<group>"; };
		ADDE2F9215E7B1A200DA582D /* en */ = {isa = PBXFileReference; lastKnownFileType = file.xib; name = en; path = en.lproj/IEViewController.xib; sourceTree = "<group>"; };
		ADDE2F9E15E7B42200DA582D /* IEGlobals.h */ = {isa = PBXFileReference; fileEncoding = 4; lastKnownFileType = sourcecode.c.h; path = IEGlobals.h; sourceTree = "<group>"; };
		ADDE2FA115E7B44400DA582D /* IEHelperMethods.h */ = {isa = PBXFileReference; fileEncoding = 4; lastKnownFileType = sourcecode.c.h; path = IEHelperMethods.h; sourceTree = "<group>"; };
		ADDE2FA215E7B44400DA582D /* IEHelperMethods.m */ = {isa = PBXFileReference; fileEncoding = 4; lastKnownFileType = sourcecode.c.objc; path = IEHelperMethods.m; sourceTree = "<group>"; };
		ADDE2FA515E7BE2300DA582D /* button_bg.png */ = {isa = PBXFileReference; lastKnownFileType = image.png; path = button_bg.png; sourceTree = "<group>"; };
		ADDE2FA615E7BE2300DA582D /* iendura_top.png */ = {isa = PBXFileReference; lastKnownFileType = image.png; path = iendura_top.png; sourceTree = "<group>"; };
		ADDE2FA715E7BE2300DA582D /* iendura_top@2x.png */ = {isa = PBXFileReference; lastKnownFileType = image.png; path = "iendura_top@2x.png"; sourceTree = "<group>"; };
		ADDE2FAB15E7C67F00DA582D /* iendura_app_icon_57.png */ = {isa = PBXFileReference; lastKnownFileType = image.png; name = iendura_app_icon_57.png; path = ../../iendura_app_icon_57.png; sourceTree = "<group>"; };
		ADDE2FAD15E7C68600DA582D /* iendura_app_icon_114.png */ = {isa = PBXFileReference; lastKnownFileType = image.png; name = iendura_app_icon_114.png; path = ../../iendura_app_icon_114.png; sourceTree = "<group>"; };
		ADDE2FBC15E98ECB00DA582D /* NSData+Base64.h */ = {isa = PBXFileReference; fileEncoding = 4; lastKnownFileType = sourcecode.c.h; path = "NSData+Base64.h"; sourceTree = "<group>"; };
		ADDE2FBD15E98ECB00DA582D /* NSData+Base64.m */ = {isa = PBXFileReference; fileEncoding = 4; lastKnownFileType = sourcecode.c.objc; path = "NSData+Base64.m"; sourceTree = "<group>"; };
		ADDE2FBE15E98ECB00DA582D /* StringEncryption.h */ = {isa = PBXFileReference; fileEncoding = 4; lastKnownFileType = sourcecode.c.h; path = StringEncryption.h; sourceTree = "<group>"; };
		ADDE2FBF15E98ECB00DA582D /* StringEncryption.m */ = {isa = PBXFileReference; fileEncoding = 4; lastKnownFileType = sourcecode.c.objc; path = StringEncryption.m; sourceTree = "<group>"; };
		ADE7D99815ED3F3C007F4C85 /* IEEnums.h */ = {isa = PBXFileReference; fileEncoding = 4; lastKnownFileType = sourcecode.c.h; path = IEEnums.h; sourceTree = "<group>"; };
		ADE7D99C15ED477D007F4C85 /* IESettingsViewController.h */ = {isa = PBXFileReference; fileEncoding = 4; lastKnownFileType = sourcecode.c.h; path = IESettingsViewController.h; sourceTree = "<group>"; };
		ADE7D99D15ED477D007F4C85 /* IESettingsViewController.m */ = {isa = PBXFileReference; fileEncoding = 4; lastKnownFileType = sourcecode.c.objc; path = IESettingsViewController.m; sourceTree = "<group>"; };
		ADE7D99E15ED477D007F4C85 /* IESettingsViewController.xib */ = {isa = PBXFileReference; fileEncoding = 4; lastKnownFileType = file.xib; path = IESettingsViewController.xib; sourceTree = "<group>"; };
		ADE7D9A215EECFCE007F4C85 /* libsqlite3.dylib */ = {isa = PBXFileReference; lastKnownFileType = "compiled.mach-o.dylib"; name = libsqlite3.dylib; path = usr/lib/libsqlite3.dylib; sourceTree = SDKROOT; };
		ADE7D9A915EED6DF007F4C85 /* iEnduraDB.sqlite */ = {isa = PBXFileReference; lastKnownFileType = file; path = iEnduraDB.sqlite; sourceTree = "<group>"; };
		ADE7D9AC15EFEBDE007F4C85 /* IECameraClass.h */ = {isa = PBXFileReference; fileEncoding = 4; lastKnownFileType = sourcecode.c.h; path = IECameraClass.h; sourceTree = "<group>"; };
		ADE7D9AD15EFEBDE007F4C85 /* IECameraClass.m */ = {isa = PBXFileReference; fileEncoding = 4; lastKnownFileType = sourcecode.c.objc; path = IECameraClass.m; sourceTree = "<group>"; };
		ADE7D9B315F00658007F4C85 /* IECrudOp.h */ = {isa = PBXFileReference; fileEncoding = 4; lastKnownFileType = sourcecode.c.h; name = IECrudOp.h; path = iEndura/IECrudOp.h; sourceTree = "<group>"; };
		ADE7D9B415F00658007F4C85 /* IECrudOp.m */ = {isa = PBXFileReference; fileEncoding = 4; lastKnownFileType = sourcecode.c.objc; name = IECrudOp.m; path = iEndura/IECrudOp.m; sourceTree = "<group>"; };
		ADE7D9B615F1498A007F4C85 /* IEBaseViewController.h */ = {isa = PBXFileReference; fileEncoding = 4; lastKnownFileType = sourcecode.c.h; path = IEBaseViewController.h; sourceTree = "<group>"; };
		ADE7D9B715F1498A007F4C85 /* IEBaseViewController.m */ = {isa = PBXFileReference; fileEncoding = 4; lastKnownFileType = sourcecode.c.objc; path = IEBaseViewController.m; sourceTree = "<group>"; };
		ADE7D9BE15F15B24007F4C85 /* IEDatabaseOps.h */ = {isa = PBXFileReference; fileEncoding = 4; lastKnownFileType = sourcecode.c.h; name = IEDatabaseOps.h; path = iEndura/IEDatabaseOps.h; sourceTree = "<group>"; };
		ADE7D9BF15F15B24007F4C85 /* IEDatabaseOps.m */ = {isa = PBXFileReference; fileEncoding = 4; lastKnownFileType = sourcecode.c.objc; name = IEDatabaseOps.m; path = iEndura/IEDatabaseOps.m; sourceTree = "<group>"; };
		ADE7D9C115F23543007F4C85 /* IERemoteLocations.h */ = {isa = PBXFileReference; fileEncoding = 4; lastKnownFileType = sourcecode.c.h; path = IERemoteLocations.h; sourceTree = "<group>"; };
		ADE7D9C215F23543007F4C85 /* IERemoteLocations.m */ = {isa = PBXFileReference; fileEncoding = 4; lastKnownFileType = sourcecode.c.objc; path = IERemoteLocations.m; sourceTree = "<group>"; };
		ADE7D9C515F23C18007F4C85 /* DDBadgeViewCell.h */ = {isa = PBXFileReference; fileEncoding = 4; lastKnownFileType = sourcecode.c.h; path = DDBadgeViewCell.h; sourceTree = "<group>"; };
		ADE7D9C615F23C18007F4C85 /* DDBadgeViewCell.m */ = {isa = PBXFileReference; fileEncoding = 4; lastKnownFileType = sourcecode.c.objc; path = DDBadgeViewCell.m; sourceTree = "<group>"; };
		ADE7D9D815F263C0007F4C85 /* right_indicator_dark.png */ = {isa = PBXFileReference; lastKnownFileType = image.png; path = right_indicator_dark.png; sourceTree = "<group>"; };
		ADE7D9D915F263C0007F4C85 /* right_indicator_dark@2x.png */ = {isa = PBXFileReference; lastKnownFileType = image.png; path = "right_indicator_dark@2x.png"; sourceTree = "<group>"; };
		ADE7D9DA15F263C0007F4C85 /* right_indicator_light.png */ = {isa = PBXFileReference; lastKnownFileType = image.png; path = right_indicator_light.png; sourceTree = "<group>"; };
		ADE7D9DB15F263C0007F4C85 /* right_indicator_light@2x.png */ = {isa = PBXFileReference; lastKnownFileType = image.png; path = "right_indicator_light@2x.png"; sourceTree = "<group>"; };
		ADE7D9E015F2721D007F4C85 /* IECameraLocation.h */ = {isa = PBXFileReference; fileEncoding = 4; lastKnownFileType = sourcecode.c.h; path = IECameraLocation.h; sourceTree = "<group>"; };
		ADE7D9E115F2721D007F4C85 /* IECameraLocation.m */ = {isa = PBXFileReference; fileEncoding = 4; lastKnownFileType = sourcecode.c.objc; path = IECameraLocation.m; sourceTree = "<group>"; };
		ADE7D9E315F2732B007F4C85 /* IECamListViewController.h */ = {isa = PBXFileReference; fileEncoding = 4; lastKnownFileType = sourcecode.c.h; path = IECamListViewController.h; sourceTree = "<group>"; };
		ADE7D9E415F2732C007F4C85 /* IECamListViewController.m */ = {isa = PBXFileReference; fileEncoding = 4; lastKnownFileType = sourcecode.c.objc; path = IECamListViewController.m; sourceTree = "<group>"; };
		ADE7D9E515F2732E007F4C85 /* IECamListViewController.xib */ = {isa = PBXFileReference; fileEncoding = 4; lastKnownFileType = file.xib; path = IECamListViewController.xib; sourceTree = "<group>"; };
		ADFD8A5316135522006715B1 /* Default-568h@2x.png */ = {isa = PBXFileReference; lastKnownFileType = image.png; path = "Default-568h@2x.png"; sourceTree = "<group>"; };
		EB3C5FA015ECE522000B4E70 /* IEConnController.h */ = {isa = PBXFileReference; fileEncoding = 4; lastKnownFileType = sourcecode.c.h; path = IEConnController.h; sourceTree = "<group>"; };
		EB3C5FA115ECE522000B4E70 /* IEConnController.m */ = {isa = PBXFileReference; fileEncoding = 4; lastKnownFileType = sourcecode.c.objc; path = IEConnController.m; sourceTree = "<group>"; };
/* End PBXFileReference section */

/* Begin PBXFrameworksBuildPhase section */
		ADDE2F7515E7B1A200DA582D /* Frameworks */ = {
			isa = PBXFrameworksBuildPhase;
			buildActionMask = 2147483647;
			files = (
				ADB05A8F15FD090D004813E0 /* SystemConfiguration.framework in Frameworks */,
				AD335BF715F694A2004401FA /* MediaPlayer.framework in Frameworks */,
				ADE7D9A315EECFCE007F4C85 /* libsqlite3.dylib in Frameworks */,
				ADDE2F7D15E7B1A200DA582D /* UIKit.framework in Frameworks */,
				ADDE2F7F15E7B1A200DA582D /* Foundation.framework in Frameworks */,
				ADDE2F8115E7B1A200DA582D /* CoreGraphics.framework in Frameworks */,
			);
			runOnlyForDeploymentPostprocessing = 0;
		};
/* End PBXFrameworksBuildPhase section */

/* Begin PBXGroup section */
		AD028F3515ECC55700FF6F33 /* XML */ = {
			isa = PBXGroup;
			children = (
				ADB7244215EA666000D3D749 /* IEXMLParser.h */,
				ADB7244315EA666000D3D749 /* IEXMLParser.m */,
			);
			name = XML;
			sourceTree = "<group>";
		};
		AD286280160118240038C95B /* Other Pages */ = {
			isa = PBXGroup;
			children = (
				AD28626E160106570038C95B /* IEHelpViewController.h */,
				AD28626F160106580038C95B /* IEHelpViewController.m */,
				AD286270160106580038C95B /* IEHelpViewController.xib */,
				AD286273160107CC0038C95B /* IEAboutViewController.h */,
				AD286274160107CC0038C95B /* IEAboutViewController.m */,
				AD286275160107CD0038C95B /* IEAboutViewController.xib */,
			);
			name = "Other Pages";
			sourceTree = "<group>";
		};
		ADB7243D15EA658300D3D749 /* TemplateClasses */ = {
			isa = PBXGroup;
			children = (
				ADB7243F15EA65B300D3D749 /* SimpleClass.h */,
				ADB7244015EA65B300D3D749 /* SimpleClass.m */,
				ADE7D9AC15EFEBDE007F4C85 /* IECameraClass.h */,
				ADE7D9AD15EFEBDE007F4C85 /* IECameraClass.m */,
			);
			name = TemplateClasses;
			sourceTree = "<group>";
		};
		ADDE2F6D15E7B1A200DA582D = {
			isa = PBXGroup;
			children = (
				ADFD8A5316135522006715B1 /* Default-568h@2x.png */,
				ADB05A9615FD155C004813E0 /* Default@2x.png */,
				ADB05A9415FD1553004813E0 /* Default.png */,
				ADDE2F8215E7B1A200DA582D /* iEndura */,
				ADDE2F7B15E7B1A200DA582D /* Frameworks */,
				ADDE2F7915E7B1A200DA582D /* Products */,
			);
			sourceTree = "<group>";
		};
		ADDE2F7915E7B1A200DA582D /* Products */ = {
			isa = PBXGroup;
			children = (
				ADDE2F7815E7B1A200DA582D /* iEndura.app */,
			);
			name = Products;
			sourceTree = "<group>";
		};
		ADDE2F7B15E7B1A200DA582D /* Frameworks */ = {
			isa = PBXGroup;
			children = (
				ADB05A8E15FD090C004813E0 /* SystemConfiguration.framework */,
				AD335BF615F694A2004401FA /* MediaPlayer.framework */,
				ADE7D9A215EECFCE007F4C85 /* libsqlite3.dylib */,
				ADDE2F7C15E7B1A200DA582D /* UIKit.framework */,
				ADDE2F7E15E7B1A200DA582D /* Foundation.framework */,
				ADDE2F8015E7B1A200DA582D /* CoreGraphics.framework */,
			);
			name = Frameworks;
			sourceTree = "<group>";
		};
		ADDE2F8215E7B1A200DA582D /* iEndura */ = {
			isa = PBXGroup;
			children = (
				ADDE2F8B15E7B1A200DA582D /* IEAppDelegate.h */,
				ADDE2F8C15E7B1A200DA582D /* IEAppDelegate.m */,
				ADDE2F8E15E7B1A200DA582D /* IEViewController.h */,
				ADDE2F8F15E7B1A200DA582D /* IEViewController.m */,
				ADDE2F9115E7B1A200DA582D /* IEViewController.xib */,
				AD028F3615ECC58D00FF6F33 /* IEMainViewController.h */,
				AD028F3715ECC58D00FF6F33 /* IEMainViewController.m */,
				AD028F3815ECC58D00FF6F33 /* IEMainViewController.xib */,
				ADE7D9E315F2732B007F4C85 /* IECamListViewController.h */,
				ADE7D9E415F2732C007F4C85 /* IECamListViewController.m */,
				ADE7D9E515F2732E007F4C85 /* IECamListViewController.xib */,
				AD335BED15F52049004401FA /* IECamPlayViewController.h */,
				AD335BEE15F52049004401FA /* IECamPlayViewController.m */,
				AD335BEF15F52049004401FA /* IECamPlayViewController.xib */,
				ADB05A4B15FAA337004813E0 /* IECamImgViewController.h */,
				ADB05A4C15FAA337004813E0 /* IECamImgViewController.m */,
				ADB05A4D15FAA337004813E0 /* IECamImgViewController.xib */,
				ADB05A5015FB7B98004813E0 /* IEFavoritesViewController.h */,
				ADB05A5115FB7B98004813E0 /* IEFavoritesViewController.m */,
				ADB05A5215FB7B98004813E0 /* IEFavoritesViewController.xib */,
				ADB05A7F15FCCB4A004813E0 /* IESearchViewController.h */,
				ADB05A8015FCCB4B004813E0 /* IESearchViewController.m */,
				ADB05A8115FCCB4C004813E0 /* IESearchViewController.xib */,
				ADE7D99C15ED477D007F4C85 /* IESettingsViewController.h */,
				ADE7D99D15ED477D007F4C85 /* IESettingsViewController.m */,
				ADE7D99E15ED477D007F4C85 /* IESettingsViewController.xib */,
				AD286280160118240038C95B /* Other Pages */,
				ADB7243D15EA658300D3D749 /* TemplateClasses */,
				ADDE2FBB15E98EAC00DA582D /* Security */,
				ADE7D9BB15F14D65007F4C85 /* Statics */,
				ADDE2F8315E7B1A200DA582D /* Supporting Files */,
				AD028F3515ECC55700FF6F33 /* XML */,
				ADE7D9A615EED580007F4C85 /* Database */,
				ADE7D9AF15EFF80F007F4C85 /* Crud */,
				ADE7D9BD15F14DB6007F4C85 /* iService */,
				ADE7D9BC15F14DA9007F4C85 /* Base */,
				ADE7D9AB15EFD155007F4C85 /* Model */,
				ADE7D9C415F23BF4007F4C85 /* BadgeViewCell */,
				ADDE2FA415E7BE2300DA582D /* images */,
			);
			path = iEndura;
			sourceTree = "<group>";
		};
		ADDE2F8315E7B1A200DA582D /* Supporting Files */ = {
			isa = PBXGroup;
			children = (
				ADDE2F8415E7B1A200DA582D /* iEndura-Info.plist */,
				ADDE2F8515E7B1A200DA582D /* InfoPlist.strings */,
				ADDE2F8815E7B1A200DA582D /* main.m */,
				ADDE2F8A15E7B1A200DA582D /* iEndura-Prefix.pch */,
			);
			name = "Supporting Files";
			sourceTree = "<group>";
		};
		ADDE2FA415E7BE2300DA582D /* images */ = {
			isa = PBXGroup;
			children = (
				AD28627C160111D30038C95B /* about.png */,
				AD28627D160111D30038C95B /* about@2x.png */,
				AD28627A16010CD10038C95B /* help@2x.png */,
				AD286278160109DA0038C95B /* help.png */,
				AD28626115FF8D7D0038C95B /* next.png */,
				AD28626215FF8D7D0038C95B /* next@2x.png */,
				AD28626315FF8D7D0038C95B /* play.png */,
				AD28626415FF8D7D0038C95B /* play@2x.png */,
				AD28626515FF8D7D0038C95B /* prev.png */,
				AD28626615FF8D7D0038C95B /* prev@2x.png */,
				ADB05AA315FE62E3004813E0 /* close.png */,
				ADB05AA415FE62E3004813E0 /* close@2x.png */,
				ADB05AA115FE6021004813E0 /* button_bg_black.png */,
				ADB05A9D15FD4EE0004813E0 /* leather_blank_light_bg.png */,
				ADB05A9E15FD4EE1004813E0 /* leather_blank_light_bg@2x.png */,
				ADB05A9B15FD1C5E004813E0 /* settings@2x.png */,
				ADB05A9015FD153A004813E0 /* lanch.png */,
				ADB05A9115FD153B004813E0 /* lanch@2x.png */,
				ADB05A8815FD0574004813E0 /* connecting.png */,
				ADB05A8915FD0574004813E0 /* connecting@2x.png */,
				ADB05A8A15FD0574004813E0 /* remote_icon@2x.png */,
				ADB05A8415FD0434004813E0 /* no_preview.png */,
				ADB05A8515FD0434004813E0 /* no_preview@2x.png */,
				ADB05A7B15FCC808004813E0 /* building.png */,
				ADB05A7C15FCC808004813E0 /* building@2x.png */,
				ADB05A7715FCC66C004813E0 /* cctv.png */,
				ADB05A7815FCC66C004813E0 /* cctv@2x.png */,
				ADB05A7515FCB805004813E0 /* remote_icon.png */,
				ADB05A7115FCB2DA004813E0 /* updating.png */,
				ADB05A7215FCB2DA004813E0 /* updating@2x.png */,
				ADB05A6D15FBF04E004813E0 /* popover_menu.png */,
				ADB05A6E15FBF04E004813E0 /* popover_menu@2x.png */,
				ADB05A6915FB96C4004813E0 /* circular_centerminus.png */,
				ADB05A6A15FB96C4004813E0 /* circular_centerminus@2x.png */,
				ADB05A6115FB8ED1004813E0 /* balloon_fav_disabled.png */,
				ADB05A6215FB8ED1004813E0 /* balloon_fav_disabled@2x.png */,
				ADB05A6315FB8ED2004813E0 /* balloon_fav_enabled.png */,
				ADB05A6415FB8ED2004813E0 /* balloon_fav_enabled@2x.png */,
				ADB05A5D15FB8940004813E0 /* alert_box.png */,
				ADB05A5E15FB8941004813E0 /* alert_box@2x.png */,
				ADB05A5515FB820C004813E0 /* button_circular_fav_disabled.png */,
				ADB05A5615FB820C004813E0 /* button_circular_fav_disabled@2x.png */,
				ADB05A5715FB820C004813E0 /* button_circular_fav.png */,
				ADB05A5815FB820C004813E0 /* button_circular_fav@2x.png */,
				ADB05A4715FA9438004813E0 /* iendura_tab_icon.png */,
				ADB05A4815FA9438004813E0 /* iendura_tab_icon@2x.png */,
				ADDE2FAF15E7CDBC00DA582D /* app icons */,
				ADB05A4415FA915D004813E0 /* settings.png */,
				ADE7D9D815F263C0007F4C85 /* right_indicator_dark.png */,
				ADE7D9D915F263C0007F4C85 /* right_indicator_dark@2x.png */,
				ADE7D9DA15F263C0007F4C85 /* right_indicator_light.png */,
				ADE7D9DB15F263C0007F4C85 /* right_indicator_light@2x.png */,
				ADDE2FA515E7BE2300DA582D /* button_bg.png */,
				ADDE2FA615E7BE2300DA582D /* iendura_top.png */,
				ADDE2FA715E7BE2300DA582D /* iendura_top@2x.png */,
			);
			path = images;
			sourceTree = "<group>";
		};
		ADDE2FAF15E7CDBC00DA582D /* app icons */ = {
			isa = PBXGroup;
			children = (
				ADDE2FAD15E7C68600DA582D /* iendura_app_icon_114.png */,
				ADDE2FAB15E7C67F00DA582D /* iendura_app_icon_57.png */,
			);
			name = "app icons";
			sourceTree = "<group>";
		};
		ADDE2FBB15E98EAC00DA582D /* Security */ = {
			isa = PBXGroup;
			children = (
				ADDE2FBC15E98ECB00DA582D /* NSData+Base64.h */,
				ADDE2FBD15E98ECB00DA582D /* NSData+Base64.m */,
				ADDE2FBE15E98ECB00DA582D /* StringEncryption.h */,
				ADDE2FBF15E98ECB00DA582D /* StringEncryption.m */,
			);
			name = Security;
			sourceTree = "<group>";
		};
		ADE7D9A615EED580007F4C85 /* Database */ = {
			isa = PBXGroup;
			children = (
				ADE7D9A915EED6DF007F4C85 /* iEnduraDB.sqlite */,
			);
			name = Database;
			sourceTree = "<group>";
		};
		ADE7D9AB15EFD155007F4C85 /* Model */ = {
			isa = PBXGroup;
			children = (
				ADE7D9C115F23543007F4C85 /* IERemoteLocations.h */,
				ADE7D9C215F23543007F4C85 /* IERemoteLocations.m */,
				ADE7D9E015F2721D007F4C85 /* IECameraLocation.h */,
				ADE7D9E115F2721D007F4C85 /* IECameraLocation.m */,
			);
			name = Model;
			sourceTree = "<group>";
		};
		ADE7D9AF15EFF80F007F4C85 /* Crud */ = {
			isa = PBXGroup;
			children = (
				ADE7D9B315F00658007F4C85 /* IECrudOp.h */,
				ADE7D9B415F00658007F4C85 /* IECrudOp.m */,
				ADE7D9BE15F15B24007F4C85 /* IEDatabaseOps.h */,
				ADE7D9BF15F15B24007F4C85 /* IEDatabaseOps.m */,
			);
			name = Crud;
			path = ..;
			sourceTree = "<group>";
		};
		ADE7D9BB15F14D65007F4C85 /* Statics */ = {
			isa = PBXGroup;
			children = (
				ADDE2F9E15E7B42200DA582D /* IEGlobals.h */,
				ADDE2FA115E7B44400DA582D /* IEHelperMethods.h */,
				ADDE2FA215E7B44400DA582D /* IEHelperMethods.m */,
				ADE7D99815ED3F3C007F4C85 /* IEEnums.h */,
			);
			name = Statics;
			sourceTree = "<group>";
		};
		ADE7D9BC15F14DA9007F4C85 /* Base */ = {
			isa = PBXGroup;
			children = (
				ADE7D9B615F1498A007F4C85 /* IEBaseViewController.h */,
				ADE7D9B715F1498A007F4C85 /* IEBaseViewController.m */,
			);
			name = Base;
			sourceTree = "<group>";
		};
		ADE7D9BD15F14DB6007F4C85 /* iService */ = {
			isa = PBXGroup;
			children = (
				EB3C5FA015ECE522000B4E70 /* IEConnController.h */,
				EB3C5FA115ECE522000B4E70 /* IEConnController.m */,
				AD82BDFB15F8EB21004C497C /* IEServiceManager.h */,
				AD82BDFC15F8EB21004C497C /* IEServiceManager.m */,
			);
			name = iService;
			sourceTree = "<group>";
		};
		ADE7D9C415F23BF4007F4C85 /* BadgeViewCell */ = {
			isa = PBXGroup;
			children = (
				ADE7D9C515F23C18007F4C85 /* DDBadgeViewCell.h */,
				ADE7D9C615F23C18007F4C85 /* DDBadgeViewCell.m */,
			);
			name = BadgeViewCell;
			sourceTree = "<group>";
		};
/* End PBXGroup section */

/* Begin PBXNativeTarget section */
		ADDE2F7715E7B1A200DA582D /* iEndura */ = {
			isa = PBXNativeTarget;
			buildConfigurationList = ADDE2F9615E7B1A200DA582D /* Build configuration list for PBXNativeTarget "iEndura" */;
			buildPhases = (
				ADDE2F7415E7B1A200DA582D /* Sources */,
				ADDE2F7515E7B1A200DA582D /* Frameworks */,
				ADDE2F7615E7B1A200DA582D /* Resources */,
			);
			buildRules = (
			);
			dependencies = (
			);
			name = iEndura;
			productName = iEndura;
			productReference = ADDE2F7815E7B1A200DA582D /* iEndura.app */;
			productType = "com.apple.product-type.application";
		};
/* End PBXNativeTarget section */

/* Begin PBXProject section */
		ADDE2F6F15E7B1A200DA582D /* Project object */ = {
			isa = PBXProject;
			attributes = {
				CLASSPREFIX = IE;
				LastUpgradeCheck = 0430;
				ORGANIZATIONNAME = "Polar Software";
			};
			buildConfigurationList = ADDE2F7215E7B1A200DA582D /* Build configuration list for PBXProject "iEndura" */;
			compatibilityVersion = "Xcode 3.2";
			developmentRegion = English;
			hasScannedForEncodings = 0;
			knownRegions = (
				en,
			);
			mainGroup = ADDE2F6D15E7B1A200DA582D;
			productRefGroup = ADDE2F7915E7B1A200DA582D /* Products */;
			projectDirPath = "";
			projectRoot = "";
			targets = (
				ADDE2F7715E7B1A200DA582D /* iEndura */,
			);
		};
/* End PBXProject section */

/* Begin PBXResourcesBuildPhase section */
		ADDE2F7615E7B1A200DA582D /* Resources */ = {
			isa = PBXResourcesBuildPhase;
			buildActionMask = 2147483647;
			files = (
				ADDE2F8715E7B1A200DA582D /* InfoPlist.strings in Resources */,
				ADDE2F9315E7B1A200DA582D /* IEViewController.xib in Resources */,
				ADDE2FA815E7BE2300DA582D /* button_bg.png in Resources */,
				ADDE2FA915E7BE2300DA582D /* iendura_top.png in Resources */,
				ADDE2FAA15E7BE2300DA582D /* iendura_top@2x.png in Resources */,
				ADDE2FAC15E7C67F00DA582D /* iendura_app_icon_57.png in Resources */,
				ADDE2FAE15E7C68600DA582D /* iendura_app_icon_114.png in Resources */,
				AD028F3A15ECC58D00FF6F33 /* IEMainViewController.xib in Resources */,
				ADE7D9A015ED477D007F4C85 /* IESettingsViewController.xib in Resources */,
				ADE7D9AA15EED6DF007F4C85 /* iEnduraDB.sqlite in Resources */,
				ADE7D9DC15F263C0007F4C85 /* right_indicator_dark.png in Resources */,
				ADE7D9DD15F263C0007F4C85 /* right_indicator_dark@2x.png in Resources */,
				ADE7D9DE15F263C0007F4C85 /* right_indicator_light.png in Resources */,
				ADE7D9DF15F263C0007F4C85 /* right_indicator_light@2x.png in Resources */,
				ADE7D9E715F2732E007F4C85 /* IECamListViewController.xib in Resources */,
				AD335BF115F52049004401FA /* IECamPlayViewController.xib in Resources */,
				ADB05A4515FA915D004813E0 /* settings.png in Resources */,
				ADB05A4915FA9438004813E0 /* iendura_tab_icon.png in Resources */,
				ADB05A4A15FA9438004813E0 /* iendura_tab_icon@2x.png in Resources */,
				ADB05A4F15FAA337004813E0 /* IECamImgViewController.xib in Resources */,
				ADB05A5415FB7B99004813E0 /* IEFavoritesViewController.xib in Resources */,
				ADB05A5915FB820C004813E0 /* button_circular_fav_disabled.png in Resources */,
				ADB05A5A15FB820C004813E0 /* button_circular_fav_disabled@2x.png in Resources */,
				ADB05A5B15FB820C004813E0 /* button_circular_fav.png in Resources */,
				ADB05A5C15FB820C004813E0 /* button_circular_fav@2x.png in Resources */,
				ADB05A5F15FB8941004813E0 /* alert_box.png in Resources */,
				ADB05A6015FB8941004813E0 /* alert_box@2x.png in Resources */,
				ADB05A6515FB8ED2004813E0 /* balloon_fav_disabled.png in Resources */,
				ADB05A6615FB8ED2004813E0 /* balloon_fav_disabled@2x.png in Resources */,
				ADB05A6715FB8ED2004813E0 /* balloon_fav_enabled.png in Resources */,
				ADB05A6815FB8ED2004813E0 /* balloon_fav_enabled@2x.png in Resources */,
				ADB05A6B15FB96C4004813E0 /* circular_centerminus.png in Resources */,
				ADB05A6C15FB96C4004813E0 /* circular_centerminus@2x.png in Resources */,
				ADB05A6F15FBF04F004813E0 /* popover_menu.png in Resources */,
				ADB05A7015FBF04F004813E0 /* popover_menu@2x.png in Resources */,
				ADB05A7315FCB2DA004813E0 /* updating.png in Resources */,
				ADB05A7415FCB2DA004813E0 /* updating@2x.png in Resources */,
				ADB05A7615FCB805004813E0 /* remote_icon.png in Resources */,
				ADB05A7915FCC66C004813E0 /* cctv.png in Resources */,
				ADB05A7A15FCC66C004813E0 /* cctv@2x.png in Resources */,
				ADB05A7D15FCC808004813E0 /* building.png in Resources */,
				ADB05A7E15FCC808004813E0 /* building@2x.png in Resources */,
				ADB05A8315FCCB4E004813E0 /* IESearchViewController.xib in Resources */,
				ADB05A8615FD0435004813E0 /* no_preview.png in Resources */,
				ADB05A8715FD0435004813E0 /* no_preview@2x.png in Resources */,
				ADB05A8B15FD0575004813E0 /* connecting.png in Resources */,
				ADB05A8C15FD0575004813E0 /* connecting@2x.png in Resources */,
				ADB05A8D15FD0575004813E0 /* remote_icon@2x.png in Resources */,
				ADB05A9215FD153B004813E0 /* lanch.png in Resources */,
				ADB05A9315FD153B004813E0 /* lanch@2x.png in Resources */,
				ADB05A9915FD186C004813E0 /* Default.png in Resources */,
				ADB05A9A15FD1874004813E0 /* Default@2x.png in Resources */,
				ADB05A9C15FD1C5E004813E0 /* settings@2x.png in Resources */,
				ADB05A9F15FD4EE1004813E0 /* leather_blank_light_bg.png in Resources */,
				ADB05AA015FD4EE1004813E0 /* leather_blank_light_bg@2x.png in Resources */,
				ADB05AA215FE6021004813E0 /* button_bg_black.png in Resources */,
				ADB05AA515FE62E4004813E0 /* close.png in Resources */,
				ADB05AA615FE62E4004813E0 /* close@2x.png in Resources */,
				AD28626715FF8D7D0038C95B /* next.png in Resources */,
				AD28626815FF8D7D0038C95B /* next@2x.png in Resources */,
				AD28626915FF8D7D0038C95B /* play.png in Resources */,
				AD28626A15FF8D7D0038C95B /* play@2x.png in Resources */,
				AD28626B15FF8D7D0038C95B /* prev.png in Resources */,
				AD28626C15FF8D7D0038C95B /* prev@2x.png in Resources */,
				AD286272160106590038C95B /* IEHelpViewController.xib in Resources */,
				AD286277160107CD0038C95B /* IEAboutViewController.xib in Resources */,
				AD286279160109DA0038C95B /* help.png in Resources */,
				AD28627B16010CD10038C95B /* help@2x.png in Resources */,
				AD28627E160111D30038C95B /* about.png in Resources */,
				AD28627F160111D30038C95B /* about@2x.png in Resources */,
				ADFD8A5416135522006715B1 /* Default-568h@2x.png in Resources */,
			);
			runOnlyForDeploymentPostprocessing = 0;
		};
/* End PBXResourcesBuildPhase section */

/* Begin PBXSourcesBuildPhase section */
		ADDE2F7415E7B1A200DA582D /* Sources */ = {
			isa = PBXSourcesBuildPhase;
			buildActionMask = 2147483647;
			files = (
				ADDE2F8915E7B1A200DA582D /* main.m in Sources */,
				ADDE2F8D15E7B1A200DA582D /* IEAppDelegate.m in Sources */,
				ADDE2F9015E7B1A200DA582D /* IEViewController.m in Sources */,
				ADDE2FA315E7B44400DA582D /* IEHelperMethods.m in Sources */,
				ADDE2FC015E98ECB00DA582D /* NSData+Base64.m in Sources */,
				ADDE2FC115E98ECB00DA582D /* StringEncryption.m in Sources */,
				ADB7244115EA65B300D3D749 /* SimpleClass.m in Sources */,
				ADB7244415EA666000D3D749 /* IEXMLParser.m in Sources */,
				AD028F3915ECC58D00FF6F33 /* IEMainViewController.m in Sources */,
				EB3C5FA215ECE522000B4E70 /* IEConnController.m in Sources */,
				ADE7D99F15ED477D007F4C85 /* IESettingsViewController.m in Sources */,
				ADE7D9AE15EFEBDE007F4C85 /* IECameraClass.m in Sources */,
				ADE7D9B515F00658007F4C85 /* IECrudOp.m in Sources */,
				ADE7D9B915F1498B007F4C85 /* IEBaseViewController.m in Sources */,
				ADE7D9C015F15B24007F4C85 /* IEDatabaseOps.m in Sources */,
				ADE7D9C315F23543007F4C85 /* IERemoteLocations.m in Sources */,
				ADE7D9C715F23C18007F4C85 /* DDBadgeViewCell.m in Sources */,
				ADE7D9E215F2721D007F4C85 /* IECameraLocation.m in Sources */,
				ADE7D9E615F2732E007F4C85 /* IECamListViewController.m in Sources */,
				AD335BF015F52049004401FA /* IECamPlayViewController.m in Sources */,
				AD82BDFD15F8EB21004C497C /* IEServiceManager.m in Sources */,
				ADB05A4E15FAA337004813E0 /* IECamImgViewController.m in Sources */,
				ADB05A5315FB7B99004813E0 /* IEFavoritesViewController.m in Sources */,
				ADB05A8215FCCB4E004813E0 /* IESearchViewController.m in Sources */,
				AD286271160106590038C95B /* IEHelpViewController.m in Sources */,
				AD286276160107CD0038C95B /* IEAboutViewController.m in Sources */,
			);
			runOnlyForDeploymentPostprocessing = 0;
		};
/* End PBXSourcesBuildPhase section */

/* Begin PBXVariantGroup section */
		ADDE2F8515E7B1A200DA582D /* InfoPlist.strings */ = {
			isa = PBXVariantGroup;
			children = (
				ADDE2F8615E7B1A200DA582D /* en */,
			);
			name = InfoPlist.strings;
			sourceTree = "<group>";
		};
		ADDE2F9115E7B1A200DA582D /* IEViewController.xib */ = {
			isa = PBXVariantGroup;
			children = (
				ADDE2F9215E7B1A200DA582D /* en */,
			);
			name = IEViewController.xib;
			sourceTree = "<group>";
		};
/* End PBXVariantGroup section */

/* Begin XCBuildConfiguration section */
		ADDE2F9415E7B1A200DA582D /* Debug */ = {
			isa = XCBuildConfiguration;
			buildSettings = {
				ALWAYS_SEARCH_USER_PATHS = NO;
				ARCHS = "$(ARCHS_STANDARD_32_BIT)";
				CLANG_ENABLE_OBJC_ARC = YES;
				"CODE_SIGN_IDENTITY[sdk=iphoneos*]" = "iPhone Developer";
				COPY_PHASE_STRIP = NO;
				GCC_C_LANGUAGE_STANDARD = gnu99;
				GCC_DYNAMIC_NO_PIC = NO;
				GCC_OPTIMIZATION_LEVEL = 0;
				GCC_PREPROCESSOR_DEFINITIONS = (
					"DEBUG=1",
					"$(inherited)",
				);
				GCC_SYMBOLS_PRIVATE_EXTERN = NO;
				GCC_VERSION = com.apple.compilers.llvm.clang.1_0;
				GCC_WARN_ABOUT_RETURN_TYPE = YES;
				GCC_WARN_UNINITIALIZED_AUTOS = YES;
				GCC_WARN_UNUSED_VARIABLE = YES;
				IPHONEOS_DEPLOYMENT_TARGET = 5.0;
				SDKROOT = iphoneos;
			};
			name = Debug;
		};
		ADDE2F9515E7B1A200DA582D /* Release */ = {
			isa = XCBuildConfiguration;
			buildSettings = {
				ALWAYS_SEARCH_USER_PATHS = NO;
				ARCHS = "$(ARCHS_STANDARD_32_BIT)";
				CLANG_ENABLE_OBJC_ARC = YES;
				"CODE_SIGN_IDENTITY[sdk=iphoneos*]" = "iPhone Developer";
				COPY_PHASE_STRIP = YES;
				GCC_C_LANGUAGE_STANDARD = gnu99;
				GCC_VERSION = com.apple.compilers.llvm.clang.1_0;
				GCC_WARN_ABOUT_RETURN_TYPE = YES;
				GCC_WARN_UNINITIALIZED_AUTOS = YES;
				GCC_WARN_UNUSED_VARIABLE = YES;
				IPHONEOS_DEPLOYMENT_TARGET = 5.0;
				OTHER_CFLAGS = "-DNS_BLOCK_ASSERTIONS=1";
				SDKROOT = iphoneos;
				VALIDATE_PRODUCT = YES;
			};
			name = Release;
		};
		ADDE2F9715E7B1A200DA582D /* Debug */ = {
			isa = XCBuildConfiguration;
			buildSettings = {
				GCC_PRECOMPILE_PREFIX_HEADER = YES;
				GCC_PREFIX_HEADER = "iEndura/iEndura-Prefix.pch";
				INFOPLIST_FILE = "iEndura/iEndura-Info.plist";
				IPHONEOS_DEPLOYMENT_TARGET = 5.0;
				PRODUCT_NAME = "$(TARGET_NAME)";
				TARGETED_DEVICE_FAMILY = 1;
				WRAPPER_EXTENSION = app;
			};
			name = Debug;
		};
		ADDE2F9815E7B1A200DA582D /* Release */ = {
			isa = XCBuildConfiguration;
			buildSettings = {
				GCC_PRECOMPILE_PREFIX_HEADER = YES;
				GCC_PREFIX_HEADER = "iEndura/iEndura-Prefix.pch";
				INFOPLIST_FILE = "iEndura/iEndura-Info.plist";
				IPHONEOS_DEPLOYMENT_TARGET = 5.0;
				PRODUCT_NAME = "$(TARGET_NAME)";
				TARGETED_DEVICE_FAMILY = 1;
				WRAPPER_EXTENSION = app;
			};
			name = Release;
		};
/* End XCBuildConfiguration section */

/* Begin XCConfigurationList section */
		ADDE2F7215E7B1A200DA582D /* Build configuration list for PBXProject "iEndura" */ = {
			isa = XCConfigurationList;
			buildConfigurations = (
				ADDE2F9415E7B1A200DA582D /* Debug */,
				ADDE2F9515E7B1A200DA582D /* Release */,
			);
			defaultConfigurationIsVisible = 0;
			defaultConfigurationName = Release;
		};
		ADDE2F9615E7B1A200DA582D /* Build configuration list for PBXNativeTarget "iEndura" */ = {
			isa = XCConfigurationList;
			buildConfigurations = (
				ADDE2F9715E7B1A200DA582D /* Debug */,
				ADDE2F9815E7B1A200DA582D /* Release */,
			);
			defaultConfigurationIsVisible = 0;
			defaultConfigurationName = Release;
		};
/* End XCConfigurationList section */
	};
	rootObject = ADDE2F6F15E7B1A200DA582D /* Project object */;
}
